{
    "name": "grad-co-template",
    "version": "2.8.0",
    "lockfileVersion": 2,
    "requires": true,
    "packages": {
        "": {
            "name": "grad-co-template",
            "version": "2.8.0",
            "dependencies": {
                "grad-factions": "^4",
                "grad-fortifications": "^0.9.4",
                "grad-introcam": "^1.0.0",
                "grad-loadout": "^4.11.7"
            }
        },
        "node_modules/grad-factions": {
            "version": "4.0.0",
            "resolved": "https://registry.npmjs.org/grad-factions/-/grad-factions-4.0.0.tgz",
            "integrity": "sha512-CCaIltpuM+j8gGKo30NLSsU/6RuEuOvRyZKkaS1sXLy9l4OmbFHoY76xpWycXOaBvQPxIYP4n5KXEy74tYO5Ew==",
            "dependencies": {
                "grad-loadout": ">4.7.0"
            }
        },
        "node_modules/grad-fortifications": {
            "version": "0.9.4",
            "resolved": "https://registry.npmjs.org/grad-fortifications/-/grad-fortifications-0.9.4.tgz",
            "integrity": "sha512-nf0xcE7Jg6W/CUIO7vm6zcKEioYK1ImgbJwBx+agoMgthy2W3HqBJakYdZ2Aw5U5WF59c2tYay3xp7JfFCDACA=="
        },
        "node_modules/grad-introcam": {
            "version": "1.0.1",
            "resolved": "https://registry.npmjs.org/grad-introcam/-/grad-introcam-1.0.1.tgz",
            "integrity": "sha512-YZHBaXuDtw5Cp2Qg46eFZ6P/XFKeafuMvU3Z/Ic6s+Td77Jps6LBHAOidThAgB0ZjVS9cWmXG2WWJc2ieAKCtg=="
        },
        "node_modules/grad-loadout": {
            "version": "4.11.7",
            "resolved": "https://registry.npmjs.org/grad-loadout/-/grad-loadout-4.11.7.tgz",
            "integrity": "sha512-B8RRxdmGOcpCg9tBJO1tRH7sfqEUC/QeJlUo6irl8UdA5Q427lRgJb71KYtkYS1wGKTEoM0H894F8V9XiXoKDQ=="
        }
    },
    "dependencies": {
        "grad-factions": {
            "version": "4.0.0",
            "resolved": "https://registry.npmjs.org/grad-factions/-/grad-factions-4.0.0.tgz",
            "integrity": "sha512-CCaIltpuM+j8gGKo30NLSsU/6RuEuOvRyZKkaS1sXLy9l4OmbFHoY76xpWycXOaBvQPxIYP4n5KXEy74tYO5Ew==",
            "requires": {
                "grad-loadout": ">4.7.0"
            }
        },
        "grad-fortifications": {
            "version": "0.9.4",
            "resolved": "https://registry.npmjs.org/grad-fortifications/-/grad-fortifications-0.9.4.tgz",
            "integrity": "sha512-nf0xcE7Jg6W/CUIO7vm6zcKEioYK1ImgbJwBx+agoMgthy2W3HqBJakYdZ2Aw5U5WF59c2tYay3xp7JfFCDACA=="
        },
        "grad-introcam": {
            "version": "1.0.1",
            "resolved": "https://registry.npmjs.org/grad-introcam/-/grad-introcam-1.0.1.tgz",
            "integrity": "sha512-YZHBaXuDtw5Cp2Qg46eFZ6P/XFKeafuMvU3Z/Ic6s+Td77Jps6LBHAOidThAgB0ZjVS9cWmXG2WWJc2ieAKCtg=="
        },
        "grad-loadout": {
            "version": "4.11.7",
            "resolved": "https://registry.npmjs.org/grad-loadout/-/grad-loadout-4.11.7.tgz",
            "integrity": "sha512-B8RRxdmGOcpCg9tBJO1tRH7sfqEUC/QeJlUo6irl8UdA5Q427lRgJb71KYtkYS1wGKTEoM0H894F8V9XiXoKDQ=="
        }
    }
}
