{
    "name": "grad-co-template",
    "version": "2.8.0",
    "lockfileVersion": 1,
    "requires": true,
    "dependencies": {
        "grad-factions": {
            "version": "4.0.0",
            "resolved": "https://registry.npmjs.org/grad-factions/-/grad-factions-4.0.0.tgz",
            "integrity": "sha512-CCaIltpuM+j8gGKo30NLSsU/6RuEuOvRyZKkaS1sXLy9l4OmbFHoY76xpWycXOaBvQPxIYP4n5KXEy74tYO5Ew==",
            "requires": {
                "grad-loadout": ">4.7.0"
            }
        },
        "grad-fortifications": {
            "version": "0.9.4",
            "resolved": "https://registry.npmjs.org/grad-fortifications/-/grad-fortifications-0.9.4.tgz",
            "integrity": "sha512-nf0xcE7Jg6W/CUIO7vm6zcKEioYK1ImgbJwBx+agoMgthy2W3HqBJakYdZ2Aw5U5WF59c2tYay3xp7JfFCDACA=="
        },
        "grad-introcam": {
            "version": "1.0.0",
            "resolved": "https://registry.npmjs.org/grad-introcam/-/grad-introcam-1.0.0.tgz",
            "integrity": "sha1-DreV06ApefrUWoEikB0471dXxnA="
        },
        "grad-loadout": {
            "version": "4.11.6",
            "resolved": "https://registry.npmjs.org/grad-loadout/-/grad-loadout-4.11.6.tgz",
            "integrity": "sha512-7+0MPn4V3TYKt+WbdolmCw15m3Co1dlHqoKNBvVjP1yqFggEHOluyYT4W0RcR4pOGt1Y2uClgnYm0jSZcNdMHQ=="
        }
    }
}
